
Microsoft Visual Studio Solution File, Format Version 12.00
Project("{FAE04EC0-301F-11D3-BF4B-00C04F79EFBC}") = "Detach", "Detach\Detach.csproj", "{4EE53CD0-BDD9-4F12-82C9-D3C7C679B22F}"
EndProject
Project("{FAE04EC0-301F-11D3-BF4B-00C04F79EFBC}") = "Detach.AlExtensions", "Detach.AlExtensions\Detach.AlExtensions.csproj", "{8730C528-95C8-410B-8166-DA7338DE62A6}"
EndProject
Project("{FAE04EC0-301F-11D3-BF4B-00C04F79EFBC}") = "Detach.GlExtensions", "Detach.GlExtensions\Detach.GlExtensions.csproj", "{1256F194-AEDD-49EF-845D-D0B77352EC6E}"
EndProject
Project("{FAE04EC0-301F-11D3-BF4B-00C04F79EFBC}") = "Detach.GlfwExtensions", "Detach.GlfwExtensions\Detach.GlfwExtensions.csproj", "{CD52A07D-F79D-4B85-8374-63C89AE0717D}"
EndProject
Project("{FAE04EC0-301F-11D3-BF4B-00C04F79EFBC}") = "Detach.ImGuiBackend.GlfwHexa", "Detach.ImGuiBackend.GlfwHexa\Detach.ImGuiBackend.GlfwHexa.csproj", "{37298EE9-0C01-4186-8017-4ED1EC43538B}"
EndProject
Project("{FAE04EC0-301F-11D3-BF4B-00C04F79EFBC}") = "Detach.ImGuiBackend.GlfwImGuiNET", "Detach.ImGuiBackend.GlfwImGuiNET\Detach.ImGuiBackend.GlfwImGuiNET.csproj", "{A9841903-C522-4BFB-88F1-0AF04B0B023A}"
EndProject
Project("{2150E333-8FDC-42A3-9474-1A3956D46DE8}") = "demos", "demos", "{70399840-A716-4074-9839-398B367EB184}"
EndProject
Project("{FAE04EC0-301F-11D3-BF4B-00C04F79EFBC}") = "Demos.Collisions", "demos\Demos.Collisions\Demos.Collisions.csproj", "{BADB525E-3C64-43D9-A6E4-7145BDD3DDC3}"
EndProject
Project("{FAE04EC0-301F-11D3-BF4B-00C04F79EFBC}") = "Demos.ImGuiBackend.GlfwHexa", "demos\Demos.ImGuiBackend.GlfwHexa\Demos.ImGuiBackend.GlfwHexa.csproj", "{413B8BD3-F269-478F-A5F8-9AE5E221017C}"
EndProject
Project("{FAE04EC0-301F-11D3-BF4B-00C04F79EFBC}") = "Demos.ImGuiBackend.GlfwImGuiNET", "demos\Demos.ImGuiBackend.GlfwImGuiNET\Demos.ImGuiBackend.GlfwImGuiNET.csproj", "{1F4EA140-743C-4C4F-90CA-5DE5299F2864}"
EndProject
Project("{2150E333-8FDC-42A3-9474-1A3956D46DE8}") = "tests", "tests", "{AF1AD2B7-33A5-4936-AD93-13B191616E86}"
EndProject
Project("{FAE04EC0-301F-11D3-BF4B-00C04F79EFBC}") = "Detach.Tests", "tests\Detach.Tests\Detach.Tests.csproj", "{BDAB1AB3-7103-4BB6-A85A-2C1D9FC112BC}"
EndProject
Global
	GlobalSection(SolutionConfigurationPlatforms) = preSolution
		Debug|Any CPU = Debug|Any CPU
		Release|Any CPU = Release|Any CPU
	EndGlobalSection
	GlobalSection(ProjectConfigurationPlatforms) = postSolution
		{4EE53CD0-BDD9-4F12-82C9-D3C7C679B22F}.Debug|Any CPU.ActiveCfg = Debug|Any CPU
		{4EE53CD0-BDD9-4F12-82C9-D3C7C679B22F}.Debug|Any CPU.Build.0 = Debug|Any CPU
		{4EE53CD0-BDD9-4F12-82C9-D3C7C679B22F}.Release|Any CPU.ActiveCfg = Release|Any CPU
		{4EE53CD0-BDD9-4F12-82C9-D3C7C679B22F}.Release|Any CPU.Build.0 = Release|Any CPU
		{BDAB1AB3-7103-4BB6-A85A-2C1D9FC112BC}.Debug|Any CPU.ActiveCfg = Debug|Any CPU
		{BDAB1AB3-7103-4BB6-A85A-2C1D9FC112BC}.Debug|Any CPU.Build.0 = Debug|Any CPU
		{BDAB1AB3-7103-4BB6-A85A-2C1D9FC112BC}.Release|Any CPU.ActiveCfg = Release|Any CPU
		{BDAB1AB3-7103-4BB6-A85A-2C1D9FC112BC}.Release|Any CPU.Build.0 = Release|Any CPU
		{BADB525E-3C64-43D9-A6E4-7145BDD3DDC3}.Debug|Any CPU.ActiveCfg = Debug|Any CPU
		{BADB525E-3C64-43D9-A6E4-7145BDD3DDC3}.Debug|Any CPU.Build.0 = Debug|Any CPU
		{BADB525E-3C64-43D9-A6E4-7145BDD3DDC3}.Release|Any CPU.ActiveCfg = Release|Any CPU
		{BADB525E-3C64-43D9-A6E4-7145BDD3DDC3}.Release|Any CPU.Build.0 = Release|Any CPU
		{CD52A07D-F79D-4B85-8374-63C89AE0717D}.Debug|Any CPU.ActiveCfg = Debug|Any CPU
		{CD52A07D-F79D-4B85-8374-63C89AE0717D}.Debug|Any CPU.Build.0 = Debug|Any CPU
		{CD52A07D-F79D-4B85-8374-63C89AE0717D}.Release|Any CPU.ActiveCfg = Release|Any CPU
		{CD52A07D-F79D-4B85-8374-63C89AE0717D}.Release|Any CPU.Build.0 = Release|Any CPU
		{A9841903-C522-4BFB-88F1-0AF04B0B023A}.Debug|Any CPU.ActiveCfg = Debug|Any CPU
		{A9841903-C522-4BFB-88F1-0AF04B0B023A}.Debug|Any CPU.Build.0 = Debug|Any CPU
		{A9841903-C522-4BFB-88F1-0AF04B0B023A}.Release|Any CPU.ActiveCfg = Release|Any CPU
		{A9841903-C522-4BFB-88F1-0AF04B0B023A}.Release|Any CPU.Build.0 = Release|Any CPU
		{1F4EA140-743C-4C4F-90CA-5DE5299F2864}.Debug|Any CPU.ActiveCfg = Debug|Any CPU
		{1F4EA140-743C-4C4F-90CA-5DE5299F2864}.Debug|Any CPU.Build.0 = Debug|Any CPU
		{1F4EA140-743C-4C4F-90CA-5DE5299F2864}.Release|Any CPU.ActiveCfg = Release|Any CPU
		{1F4EA140-743C-4C4F-90CA-5DE5299F2864}.Release|Any CPU.Build.0 = Release|Any CPU
		{37298EE9-0C01-4186-8017-4ED1EC43538B}.Debug|Any CPU.ActiveCfg = Debug|Any CPU
		{37298EE9-0C01-4186-8017-4ED1EC43538B}.Debug|Any CPU.Build.0 = Debug|Any CPU
		{37298EE9-0C01-4186-8017-4ED1EC43538B}.Release|Any CPU.ActiveCfg = Release|Any CPU
		{37298EE9-0C01-4186-8017-4ED1EC43538B}.Release|Any CPU.Build.0 = Release|Any CPU
		{413B8BD3-F269-478F-A5F8-9AE5E221017C}.Debug|Any CPU.ActiveCfg = Debug|Any CPU
		{413B8BD3-F269-478F-A5F8-9AE5E221017C}.Debug|Any CPU.Build.0 = Debug|Any CPU
		{413B8BD3-F269-478F-A5F8-9AE5E221017C}.Release|Any CPU.ActiveCfg = Release|Any CPU
		{413B8BD3-F269-478F-A5F8-9AE5E221017C}.Release|Any CPU.Build.0 = Release|Any CPU
		{1256F194-AEDD-49EF-845D-D0B77352EC6E}.Debug|Any CPU.ActiveCfg = Debug|Any CPU
		{1256F194-AEDD-49EF-845D-D0B77352EC6E}.Debug|Any CPU.Build.0 = Debug|Any CPU
		{1256F194-AEDD-49EF-845D-D0B77352EC6E}.Release|Any CPU.ActiveCfg = Release|Any CPU
		{1256F194-AEDD-49EF-845D-D0B77352EC6E}.Release|Any CPU.Build.0 = Release|Any CPU
		{8730C528-95C8-410B-8166-DA7338DE62A6}.Debug|Any CPU.ActiveCfg = Debug|Any CPU
		{8730C528-95C8-410B-8166-DA7338DE62A6}.Debug|Any CPU.Build.0 = Debug|Any CPU
		{8730C528-95C8-410B-8166-DA7338DE62A6}.Release|Any CPU.ActiveCfg = Release|Any CPU
		{8730C528-95C8-410B-8166-DA7338DE62A6}.Release|Any CPU.Build.0 = Release|Any CPU
	EndGlobalSection
	GlobalSection(NestedProjects) = preSolution
		{BDAB1AB3-7103-4BB6-A85A-2C1D9FC112BC} = {AF1AD2B7-33A5-4936-AD93-13B191616E86}
		{BADB525E-3C64-43D9-A6E4-7145BDD3DDC3} = {70399840-A716-4074-9839-398B367EB184}
		{1F4EA140-743C-4C4F-90CA-5DE5299F2864} = {70399840-A716-4074-9839-398B367EB184}
		{413B8BD3-F269-478F-A5F8-9AE5E221017C} = {70399840-A716-4074-9839-398B367EB184}
	EndGlobalSection
EndGlobal
